
Microsoft Visual Studio Solution File, Format Version 12.00
# Visual Studio 15
VisualStudioVersion = 15.0.27703.2035
MinimumVisualStudioVersion = 10.0.40219.1
Project("{FAE04EC0-301F-11D3-BF4B-00C04F79EFBC}") = "H1-Bilforhandler-Projekt", "H1-Bilforhandler-Projekt\H1-Bilforhandler-Projekt.csproj", "{5093D007-8DB3-4F07-9A24-35E93275E734}"
EndProject
Global
	GlobalSection(SolutionConfigurationPlatforms) = preSolution
		Debug|Any CPU = Debug|Any CPU
		Release|Any CPU = Release|Any CPU
	EndGlobalSection
	GlobalSection(ProjectConfigurationPlatforms) = postSolution
		{5093D007-8DB3-4F07-9A24-35E93275E734}.Debug|Any CPU.ActiveCfg = Debug|Any CPU
		{5093D007-8DB3-4F07-9A24-35E93275E734}.Debug|Any CPU.Build.0 = Debug|Any CPU
		{5093D007-8DB3-4F07-9A24-35E93275E734}.Release|Any CPU.ActiveCfg = Release|Any CPU
		{5093D007-8DB3-4F07-9A24-35E93275E734}.Release|Any CPU.Build.0 = Release|Any CPU
	EndGlobalSection
	GlobalSection(SolutionProperties) = preSolution
		HideSolutionNode = FALSE
	EndGlobalSection
	GlobalSection(ExtensibilityGlobals) = postSolution
		SolutionGuid = {8987E764-1237-498C-8DF1-06A83BE00CB1}
	EndGlobalSection
EndGlobal
